
Microsoft Visual Studio Solution File, Format Version 12.00
# Visual Studio 2015
Project("{FAE04EC0-301F-11D3-BF4B-00C04F79EFBC}") = "Flight.Plugins", "Flight.Plugins.csproj", "{3FBE638C-66E9-110D-C75A-9E719D7DE455}"
EndProject
Project("{FAE04EC0-301F-11D3-BF4B-00C04F79EFBC}") = "Flight", "Flight.csproj", "{D5A92DA7-59CE-A857-4A0B-A1C256AF04B3}"
EndProject
Project("{FAE04EC0-301F-11D3-BF4B-00C04F79EFBC}") = "Flight.Editor", "Flight.Editor.csproj", "{FA058DD7-12EF-89FB-13AC-B7EFBF0F6A19}"
EndProject
Global
	GlobalSection(SolutionConfigurationPlatforms) = preSolution
		Debug|Any CPU = Debug|Any CPU
		Release|Any CPU = Release|Any CPU
	EndGlobalSection
	GlobalSection(ProjectConfigurationPlatforms) = postSolution
		{3FBE638C-66E9-110D-C75A-9E719D7DE455}.Debug|Any CPU.ActiveCfg = Debug|Any CPU
		{3FBE638C-66E9-110D-C75A-9E719D7DE455}.Debug|Any CPU.Build.0 = Debug|Any CPU
		{3FBE638C-66E9-110D-C75A-9E719D7DE455}.Release|Any CPU.ActiveCfg = Release|Any CPU
		{3FBE638C-66E9-110D-C75A-9E719D7DE455}.Release|Any CPU.Build.0 = Release|Any CPU
		{D5A92DA7-59CE-A857-4A0B-A1C256AF04B3}.Debug|Any CPU.ActiveCfg = Debug|Any CPU
		{D5A92DA7-59CE-A857-4A0B-A1C256AF04B3}.Debug|Any CPU.Build.0 = Debug|Any CPU
		{D5A92DA7-59CE-A857-4A0B-A1C256AF04B3}.Release|Any CPU.ActiveCfg = Release|Any CPU
		{D5A92DA7-59CE-A857-4A0B-A1C256AF04B3}.Release|Any CPU.Build.0 = Release|Any CPU
		{FA058DD7-12EF-89FB-13AC-B7EFBF0F6A19}.Debug|Any CPU.ActiveCfg = Debug|Any CPU
		{FA058DD7-12EF-89FB-13AC-B7EFBF0F6A19}.Debug|Any CPU.Build.0 = Debug|Any CPU
		{FA058DD7-12EF-89FB-13AC-B7EFBF0F6A19}.Release|Any CPU.ActiveCfg = Release|Any CPU
		{FA058DD7-12EF-89FB-13AC-B7EFBF0F6A19}.Release|Any CPU.Build.0 = Release|Any CPU
	EndGlobalSection
	GlobalSection(SolutionProperties) = preSolution
		HideSolutionNode = FALSE
	EndGlobalSection
EndGlobal
